
Microsoft Visual Studio Solution File, Format Version 12.00
# Visual Studio Version 16
VisualStudioVersion = 16.0.31702.278
MinimumVisualStudioVersion = 10.0.40219.1
Project("{9A19103F-16F7-4668-BE54-9A1E7A4F7556}") = "MLB_01ML.Model", "MLB_01ML.Model\MLB_01ML.Model.csproj", "{7C7E863B-E221-445A-A73F-0DC87879785B}"
EndProject
Project("{9A19103F-16F7-4668-BE54-9A1E7A4F7556}") = "MLB_01ML.ConsoleApp", "MLB_01ML.ConsoleApp\MLB_01ML.ConsoleApp.csproj", "{D5E48A14-823B-4C37-B72B-71CC74D0DBCC}"
EndProject
Global
	GlobalSection(SolutionConfigurationPlatforms) = preSolution
		Debug|Any CPU = Debug|Any CPU
		Release|Any CPU = Release|Any CPU
	EndGlobalSection
	GlobalSection(ProjectConfigurationPlatforms) = postSolution
		{7C7E863B-E221-445A-A73F-0DC87879785B}.Debug|Any CPU.ActiveCfg = Debug|Any CPU
		{7C7E863B-E221-445A-A73F-0DC87879785B}.Debug|Any CPU.Build.0 = Debug|Any CPU
		{7C7E863B-E221-445A-A73F-0DC87879785B}.Release|Any CPU.ActiveCfg = Release|Any CPU
		{7C7E863B-E221-445A-A73F-0DC87879785B}.Release|Any CPU.Build.0 = Release|Any CPU
		{D5E48A14-823B-4C37-B72B-71CC74D0DBCC}.Debug|Any CPU.ActiveCfg = Debug|Any CPU
		{D5E48A14-823B-4C37-B72B-71CC74D0DBCC}.Debug|Any CPU.Build.0 = Debug|Any CPU
		{D5E48A14-823B-4C37-B72B-71CC74D0DBCC}.Release|Any CPU.ActiveCfg = Release|Any CPU
		{D5E48A14-823B-4C37-B72B-71CC74D0DBCC}.Release|Any CPU.Build.0 = Release|Any CPU
	EndGlobalSection
	GlobalSection(SolutionProperties) = preSolution
		HideSolutionNode = FALSE
	EndGlobalSection
	GlobalSection(ExtensibilityGlobals) = postSolution
		SolutionGuid = {E29A0FAD-C908-41A0-A5C8-6479AF28DC74}
	EndGlobalSection
EndGlobal
